# THIS IS AN AUTOGENERATED FILE. DO NOT EDIT THIS FILE DIRECTLY.
# yarn lockfile v1


"@bufbuild/protobuf@^2.0.0":
  version "2.2.5"
  resolved "https://registry.npmjs.org/@bufbuild/protobuf/-/protobuf-2.2.5.tgz"
  integrity sha512-/g5EzJifw5GF8aren8wZ/G5oMuPoGeS6MQD3ca8ddcvdXR5UELUfdTZITCGNhNXynY/AYl3Z4plmxdj/tRl/hQ==

"@esbuild/darwin-arm64@0.21.5":
  version "0.21.5"
  resolved "https://registry.npmjs.org/@esbuild/darwin-arm64/-/darwin-arm64-0.21.5.tgz"
  integrity sha512-DwqXqZyuk5AiWWf3UfLiRDJ5EDd49zg6O9wclZ7kUMv2WRFr4HKjXp/5t8JZ11QbQfUS6/cRCKGwYhtNAY88kQ==

"@hotwired/stimulus@^3.2.2":
  version "3.2.2"
  resolved "https://registry.npmjs.org/@hotwired/stimulus/-/stimulus-3.2.2.tgz"
  integrity sha512-eGeIqNOQpXoPAIP7tC1+1Yc1yl1xnwYqg+3mzqxyrbE5pg5YFBZcA6YoTiByJB6DKAEsiWtl6tjTJS4IYtbB7A==

"@hotwired/turbo-rails@^8.0.13":
  version "8.0.13"
  resolved "https://registry.npmjs.org/@hotwired/turbo-rails/-/turbo-rails-8.0.13.tgz"
  integrity sha512-6SCnnOSzhtaJ0pNkAjncZxjtKsK3sP/vPEkCnTXBXSHkr+vF7DTZkOlwjhms1DbbQNTsjCsBoKvzSMbh/omSCQ==
  dependencies:
    "@hotwired/turbo" "^8.0.13"
    "@rails/actioncable" "^7.0"

"@hotwired/turbo@^8.0.13":
  version "8.0.13"
  resolved "https://registry.npmjs.org/@hotwired/turbo/-/turbo-8.0.13.tgz"
  integrity sha512-M7qXUqcGab6G5PKOiwhgbByTtrPgKPFCTMNQ52QhzUEXEqmp0/ApEguUesh/FPiUjrmFec+3lq98KsWnYY2C7g==

"@nathanvda/cocoon@^1.2.14":
  version "1.2.14"
  resolved "https://registry.npmjs.org/@nathanvda/cocoon/-/cocoon-1.2.14.tgz"
  integrity sha512-WcEt2vVp50de2i7rkD4O+96O1iMtMIcTBNGPocrHfcmHDujKOngoLHFF8Ektgoh8PjwFAJMxx8WyGv0BtKTjxQ==
  dependencies:
    jquery "^3.3.1"

"@nodelib/fs.scandir@2.1.5":
  version "2.1.5"
  resolved "https://registry.npmjs.org/@nodelib/fs.scandir/-/fs.scandir-2.1.5.tgz"
  integrity sha512-vq24Bq3ym5HEQm2NKCr3yXDwjc7vTsEThRDnkp2DK9p1uqLR+DHurm/NOTo0KG7HYHU7eppKZj3MyqYuMBf62g==
  dependencies:
    "@nodelib/fs.stat" "2.0.5"
    run-parallel "^1.1.9"

"@nodelib/fs.stat@^2.0.2", "@nodelib/fs.stat@2.0.5":
  version "2.0.5"
  resolved "https://registry.npmjs.org/@nodelib/fs.stat/-/fs.stat-2.0.5.tgz"
  integrity sha512-RkhPPp2zrqDAQA/2jNhnztcPAlv64XdhIp7a7454A5ovI7Bukxgt7MX7udwAu3zg1DcpPU0rz3VV1SeaqvY4+A==

"@nodelib/fs.walk@^1.2.3":
  version "1.2.8"
  resolved "https://registry.npmjs.org/@nodelib/fs.walk/-/fs.walk-1.2.8.tgz"
  integrity sha512-oGB+UxlgWcgQkgwo8GcEGwemoTFt3FIO9ababBmaGwXIoBKZ+GTy0pP185beGg7Llih/NSHSV2XAs1lnznocSg==
  dependencies:
    "@nodelib/fs.scandir" "2.1.5"
    fastq "^1.6.0"

"@oddcamp/cocoon-vanilla-js@^1.1.3":
  version "1.1.3"
  resolved "https://registry.npmjs.org/@oddcamp/cocoon-vanilla-js/-/cocoon-vanilla-js-1.1.3.tgz"
  integrity sha512-zvi0GZznB0Wf/pC3M68sZVcnIxJwe785tqBoinBWHWgGHRwXZ96WJgyBrTBTDOkbgU2Tp40U/VZaDMVAofqLmw==

"@picocss/pico@^2.1.1":
  version "2.1.1"
  resolved "https://registry.npmjs.org/@picocss/pico/-/pico-2.1.1.tgz"
  integrity sha512-kIDugA7Ps4U+2BHxiNHmvgPIQDWPDU4IeU6TNRdvXQM1uZX+FibqDQT2xUOnnO2yq/LUHcwnGlu1hvf4KfXnMg==

"@rails/actioncable@^7.0":
  version "7.2.201"
  resolved "https://registry.npmjs.org/@rails/actioncable/-/actioncable-7.2.201.tgz"
  integrity sha512-wsTdWoZ5EfG5k3t7ORdyQF0ZmDEgN4aVPCanHAiNEwCROqibSZMXXmCbH7IDJUVri4FOeAVwwbPINI7HVHPKBw==

"@rollup/plugin-node-resolve@^16.0.0":
  version "16.0.0"
  resolved "https://registry.npmjs.org/@rollup/plugin-node-resolve/-/plugin-node-resolve-16.0.0.tgz"
  integrity sha512-0FPvAeVUT/zdWoO0jnb/V5BlBsUSNfkIOtFHzMO4H9MOklrmQFY6FduVHKucNb/aTFxvnGhj4MNj/T1oNdDfNg==
  dependencies:
    "@rollup/pluginutils" "^5.0.1"
    "@types/resolve" "1.20.2"
    deepmerge "^4.2.2"
    is-module "^1.0.0"
    resolve "^1.22.1"

"@rollup/pluginutils@^5.0.1":
  version "5.1.4"
  resolved "https://registry.npmjs.org/@rollup/pluginutils/-/pluginutils-5.1.4.tgz"
  integrity sha512-USm05zrsFxYLPdWWq+K3STlWiT/3ELn3RcV5hJMghpeAIhxfsUIg6mt12CBJBInWMV4VneoV7SfGv8xIwo2qNQ==
  dependencies:
    "@types/estree" "^1.0.0"
    estree-walker "^2.0.2"
    picomatch "^4.0.2"

"@rollup/rollup-darwin-arm64@4.34.9":
  version "4.34.9"
  resolved "https://registry.npmjs.org/@rollup/rollup-darwin-arm64/-/rollup-darwin-arm64-4.34.9.tgz"
  integrity sha512-0CY3/K54slrzLDjOA7TOjN1NuLKERBgk9nY5V34mhmuu673YNb+7ghaDUs6N0ujXR7fz5XaS5Aa6d2TNxZd0OQ==

"@rollup/rollup-darwin-arm64@4.40.0":
  version "4.40.0"
  resolved "https://registry.npmjs.org/@rollup/rollup-darwin-arm64/-/rollup-darwin-arm64-4.40.0.tgz"
  integrity sha512-GwYOcOakYHdfnjjKwqpTGgn5a6cUX7+Ra2HeNj/GdXvO2VJOOXCiYYlRFU4CubFM67EhbmzLOmACKEfvp3J1kQ==

"@selectize/selectize@^0.15.2":
  version "0.15.2"
  resolved "https://registry.npmjs.org/@selectize/selectize/-/selectize-0.15.2.tgz"
  integrity sha512-gY+yzYfrVTc+1ekCAaEtDvN59+upbibFzhkePyyk6PwOXT6kEb05azGA91/w3C/71lUOHPyd3nzLnfyfuRi+pA==
  optionalDependencies:
    jquery-ui "^1.13.2"

"@tsparticles/basic@3.8.1":
  version "3.8.1"
  resolved "https://registry.npmjs.org/@tsparticles/basic/-/basic-3.8.1.tgz"
  integrity sha512-my114zRmekT/+I2cGuEnHxlX5G/jO0iVtNnsxxlsgspXUTSY+fDixmrNF4UgFkuaIwd9Bv/yH+7S/4HE4qte7A==
  dependencies:
    "@tsparticles/engine" "3.8.1"
    "@tsparticles/move-base" "3.8.1"
    "@tsparticles/plugin-hex-color" "3.8.1"
    "@tsparticles/plugin-hsl-color" "3.8.1"
    "@tsparticles/plugin-rgb-color" "3.8.1"
    "@tsparticles/shape-circle" "3.8.1"
    "@tsparticles/updater-color" "3.8.1"
    "@tsparticles/updater-opacity" "3.8.1"
    "@tsparticles/updater-out-modes" "3.8.1"
    "@tsparticles/updater-size" "3.8.1"

"@tsparticles/confetti@^3.8.1":
  version "3.8.1"
  resolved "https://registry.npmjs.org/@tsparticles/confetti/-/confetti-3.8.1.tgz"
  integrity sha512-ahtLeGiPwTXiWFAEnJHTOIFteYwjRJDpPEr4ohMSEHWD8Y0HkgtLQMzWgWMGYH/Q+ibi6DR5RGhXq6ndWkj/ag==
  dependencies:
    "@tsparticles/basic" "3.8.1"
    "@tsparticles/engine" "3.8.1"
    "@tsparticles/plugin-emitters" "3.8.1"
    "@tsparticles/plugin-motion" "3.8.1"
    "@tsparticles/shape-cards" "3.8.1"
    "@tsparticles/shape-emoji" "3.8.1"
    "@tsparticles/shape-heart" "3.8.1"
    "@tsparticles/shape-image" "3.8.1"
    "@tsparticles/shape-polygon" "3.8.1"
    "@tsparticles/shape-square" "3.8.1"
    "@tsparticles/shape-star" "3.8.1"
    "@tsparticles/updater-life" "3.8.1"
    "@tsparticles/updater-roll" "3.8.1"
    "@tsparticles/updater-rotate" "3.8.1"
    "@tsparticles/updater-tilt" "3.8.1"
    "@tsparticles/updater-wobble" "3.8.1"

"@tsparticles/engine@3.8.1":
  version "3.8.1"
  resolved "https://registry.npmjs.org/@tsparticles/engine/-/engine-3.8.1.tgz"
  integrity sha512-S8h10nuZfElY7oih//NUHnT5qf4v3/dnsU8CMs7dz5lBEGr3amrYrXk0V+YKPTIQwfdmJHUaSBoAqFiv4aEGIA==

"@tsparticles/move-base@3.8.1":
  version "3.8.1"
  resolved "https://registry.npmjs.org/@tsparticles/move-base/-/move-base-3.8.1.tgz"
  integrity sha512-DNFRL1QT8ZQYLg3fIk74EbHJq5HGOq9CM2bCci9dDcdymvN4L7aWVFQavRiWDbi3y1EUW3+jeHSMbD3qHAfOeA==
  dependencies:
    "@tsparticles/engine" "3.8.1"

"@tsparticles/plugin-emitters@3.8.1":
  version "3.8.1"
  resolved "https://registry.npmjs.org/@tsparticles/plugin-emitters/-/plugin-emitters-3.8.1.tgz"
  integrity sha512-PGldE3OHs1hsZM6a8qHpXvKIMhaWAqZNwq8v7FwgJGxikXVvYtkKSaWslTpID3hYvtB6+whKig2uWURmq2TUsg==
  dependencies:
    "@tsparticles/engine" "3.8.1"

"@tsparticles/plugin-hex-color@3.8.1":
  version "3.8.1"
  resolved "https://registry.npmjs.org/@tsparticles/plugin-hex-color/-/plugin-hex-color-3.8.1.tgz"
  integrity sha512-AmgB7XIYBCvg5HcqYb19YpcjEx2k4DpU2e24n0rradDDeqKKcz7EWI/08FlAnDb5HUs1em63vaAanl1vdm3+OA==
  dependencies:
    "@tsparticles/engine" "3.8.1"

"@tsparticles/plugin-hsl-color@3.8.1":
  version "3.8.1"
  resolved "https://registry.npmjs.org/@tsparticles/plugin-hsl-color/-/plugin-hsl-color-3.8.1.tgz"
  integrity sha512-Ja6oEX6yu0064e4a+Fv1TBJiG5y0hqWwoOKSqf/Ra/zo01ageOEvDVX70FOVSrP+iEPGPznKVNcZs1tEOOvO0g==
  dependencies:
    "@tsparticles/engine" "3.8.1"

"@tsparticles/plugin-motion@3.8.1":
  version "3.8.1"
  resolved "https://registry.npmjs.org/@tsparticles/plugin-motion/-/plugin-motion-3.8.1.tgz"
  integrity sha512-UL/C1OKlysSdNf4ZMz8va1IaGbFuAAZE2hbkEE8B9It0N6Su3SyZtfssSDDQGAU4UQLmwRFd1HQ1M452X7d5+A==
  dependencies:
    "@tsparticles/engine" "3.8.1"

"@tsparticles/plugin-rgb-color@3.8.1":
  version "3.8.1"
  resolved "https://registry.npmjs.org/@tsparticles/plugin-rgb-color/-/plugin-rgb-color-3.8.1.tgz"
  integrity sha512-xNLqnaFUYjU+7dCHQXjZdM4UojUAVorPVmXlYmkh1xmujLljEaFTwCg1UJVlNq+fXENIFkeaf3/XT0U/q0ZBTA==
  dependencies:
    "@tsparticles/engine" "3.8.1"

"@tsparticles/shape-cards@3.8.1":
  version "3.8.1"
  resolved "https://registry.npmjs.org/@tsparticles/shape-cards/-/shape-cards-3.8.1.tgz"
  integrity sha512-RpShXeYERR23mxoMOMQfCuewZveH0+3c4IvJCJFzXLadGTLdfbZyhCZVv1+v2nS9rDAacnRK7hJRwM2qOph4TA==
  dependencies:
    "@tsparticles/engine" "3.8.1"

"@tsparticles/shape-circle@3.8.1":
  version "3.8.1"
  resolved "https://registry.npmjs.org/@tsparticles/shape-circle/-/shape-circle-3.8.1.tgz"
  integrity sha512-dM/f+qcpd8/KfviuVuKiTS8KLDE/T7xxHK7EI2S49yPW6yrJJBXdL7T4N9/n/6PF+Wslcl+kf/eTDjEAI3WjNQ==
  dependencies:
    "@tsparticles/engine" "3.8.1"

"@tsparticles/shape-emoji@3.8.1":
  version "3.8.1"
  resolved "https://registry.npmjs.org/@tsparticles/shape-emoji/-/shape-emoji-3.8.1.tgz"
  integrity sha512-xiXNZ/afdecengUXhOqgUwR+vysgaseVpzEjoGoliOMWq4WHWv+S6ujNfes2oz3x736mTlvKdXcEWRncSXaKWw==
  dependencies:
    "@tsparticles/engine" "3.8.1"

"@tsparticles/shape-heart@3.8.1":
  version "3.8.1"
  resolved "https://registry.npmjs.org/@tsparticles/shape-heart/-/shape-heart-3.8.1.tgz"
  integrity sha512-mUk3ZMp/f7FXDL3LseaDCTDaJSnWdja/MGwUOaGPNoyr0GwjeRxYUB0aSo+clpUiFEjJKAuzbgnGOc+AXokpvw==
  dependencies:
    "@tsparticles/engine" "3.8.1"

"@tsparticles/shape-image@3.8.1":
  version "3.8.1"
  resolved "https://registry.npmjs.org/@tsparticles/shape-image/-/shape-image-3.8.1.tgz"
  integrity sha512-7Yi25uLXvcY5A6TzyVBjYPsTmeTrE+0a2YO8kdp3O7V9NRGCSfXKnPRFp+lNOTiQRRvOG+SSzx2G18dfc/jwQg==
  dependencies:
    "@tsparticles/engine" "3.8.1"

"@tsparticles/shape-polygon@3.8.1":
  version "3.8.1"
  resolved "https://registry.npmjs.org/@tsparticles/shape-polygon/-/shape-polygon-3.8.1.tgz"
  integrity sha512-1pAx85NJbgmsOngl+ZAYH8vxwPJmoddjWCbWTD0wlp/x+2NRjn1iaGBKObPKLgwVzsAXb9qNHMsUX/x0C54svw==
  dependencies:
    "@tsparticles/engine" "3.8.1"

"@tsparticles/shape-square@3.8.1":
  version "3.8.1"
  resolved "https://registry.npmjs.org/@tsparticles/shape-square/-/shape-square-3.8.1.tgz"
  integrity sha512-4cjDt6542dkc15zxG1VYT7ScgPXM3+5VGtwMfh5CYNBx+GZZ3R+XUo1Q66JadcqKcNdHXfMWbXCMxs0GaiTtSw==
  dependencies:
    "@tsparticles/engine" "3.8.1"

"@tsparticles/shape-star@3.8.1":
  version "3.8.1"
  resolved "https://registry.npmjs.org/@tsparticles/shape-star/-/shape-star-3.8.1.tgz"
  integrity sha512-wBxnawqan/ocguNxY6cOEXF+YVnLIUmGBlnVGYx/7U9E2UHuHEKkoumob4fUflKISjvj5eQLpm/E1eUfYMd6RA==
  dependencies:
    "@tsparticles/engine" "3.8.1"

"@tsparticles/updater-color@3.8.1":
  version "3.8.1"
  resolved "https://registry.npmjs.org/@tsparticles/updater-color/-/updater-color-3.8.1.tgz"
  integrity sha512-HKrZzrF8YJ+TD+FdIwaWOPV565bkBhe+Ewj7CwKblG7H/SG+C6n1xIYobXkGP5pYkkQ+Cm1UV/Aq0Ih7sa+rJg==
  dependencies:
    "@tsparticles/engine" "3.8.1"

"@tsparticles/updater-life@3.8.1":
  version "3.8.1"
  resolved "https://registry.npmjs.org/@tsparticles/updater-life/-/updater-life-3.8.1.tgz"
  integrity sha512-5rCFFKD7js1lKgTpKOLo2OfmisWp4qqMVUVR4bNPeR0Ne/dcwDbKDzWyYS2AMsvWv/gcTTtWiarRfAiVQ5HtNg==
  dependencies:
    "@tsparticles/engine" "3.8.1"

"@tsparticles/updater-opacity@3.8.1":
  version "3.8.1"
  resolved "https://registry.npmjs.org/@tsparticles/updater-opacity/-/updater-opacity-3.8.1.tgz"
  integrity sha512-41dJ0T7df7AUFFkV9yU0buUfUwh+hLYcViXxkDy+6CJiiNCNZ4H404w1DTpBQLL4fbxUcDk9BXZLV7gkE2OfAw==
  dependencies:
    "@tsparticles/engine" "3.8.1"

"@tsparticles/updater-out-modes@3.8.1":
  version "3.8.1"
  resolved "https://registry.npmjs.org/@tsparticles/updater-out-modes/-/updater-out-modes-3.8.1.tgz"
  integrity sha512-BY8WqQwoDFpgPybwTzBU2GnxtRkjWnGStqBnR53x5+f1j7geTSY6WjcOvl1W+IkjtwtjiifriwBl41EbqMrjdQ==
  dependencies:
    "@tsparticles/engine" "3.8.1"

"@tsparticles/updater-roll@3.8.1":
  version "3.8.1"
  resolved "https://registry.npmjs.org/@tsparticles/updater-roll/-/updater-roll-3.8.1.tgz"
  integrity sha512-KYFTfMr8/M5pYBJFUFVrkogJURtKO5ogNSocOCf0v2QLMsbT5+OKNO7CLtxPZD98vTGRD3CHlt53/PF0tSesDA==
  dependencies:
    "@tsparticles/engine" "3.8.1"

"@tsparticles/updater-rotate@3.8.1":
  version "3.8.1"
  resolved "https://registry.npmjs.org/@tsparticles/updater-rotate/-/updater-rotate-3.8.1.tgz"
  integrity sha512-gpI07H1+diuuUdhJsQ1RlfHSD3fzBJrjyuwGuoXgHmvKzak6EWKpYfUMOraH4Dm41m/4kJZelle4nST+NpIuoA==
  dependencies:
    "@tsparticles/engine" "3.8.1"

"@tsparticles/updater-size@3.8.1":
  version "3.8.1"
  resolved "https://registry.npmjs.org/@tsparticles/updater-size/-/updater-size-3.8.1.tgz"
  integrity sha512-SC2ZxewtpwKadCalotK6x2YanxRO3hTMW1Rxzx9V2rcjAIgh/Nw49Vuithy2TDq8RtTc9rHDAPic2vMQ/lYQwA==
  dependencies:
    "@tsparticles/engine" "3.8.1"

"@tsparticles/updater-tilt@3.8.1":
  version "3.8.1"
  resolved "https://registry.npmjs.org/@tsparticles/updater-tilt/-/updater-tilt-3.8.1.tgz"
  integrity sha512-qMVd/sjrAds8m6vXFH5YKN8zrQR9SLdn5N5EvHx/JuKpOut4NhG85u8AEJL6ct1g7hY8Zj9kfi/dDSSovkaHhw==
  dependencies:
    "@tsparticles/engine" "3.8.1"

"@tsparticles/updater-wobble@3.8.1":
  version "3.8.1"
  resolved "https://registry.npmjs.org/@tsparticles/updater-wobble/-/updater-wobble-3.8.1.tgz"
  integrity sha512-PkjVgeSkW0EebJQ9PdpwSMWU2fAvKsVSuH4KGmodYlgGkH0/zvKjMOPMEI6YRAor1/vF1soFyLYp9Vax7Ae13g==
  dependencies:
    "@tsparticles/engine" "3.8.1"

"@types/estree@^1.0.0", "@types/estree@1.0.6":
  version "1.0.6"
  resolved "https://registry.npmjs.org/@types/estree/-/estree-1.0.6.tgz"
  integrity sha512-AYnb1nQyY49te+VRAVgmzfcgjYS91mY5P0TKUDCLEM+gNnA+3T6rWITXRLYCpahpqSQbN5cE+gHpnPyXjHWxcw==

"@types/estree@1.0.7":
  version "1.0.7"
  resolved "https://registry.npmjs.org/@types/estree/-/estree-1.0.7.tgz"
  integrity sha512-w28IoSUCJpidD/TGviZwwMJckNESJZXFu7NBZ5YJ4mEUnNraUn9Pm8HSZm/jDF1pDWYKspWE7oVphigUPRakIQ==

"@types/resolve@1.20.2":
  version "1.20.2"
  resolved "https://registry.npmjs.org/@types/resolve/-/resolve-1.20.2.tgz"
  integrity sha512-60BCwRFOZCQhDncwQdxxeOEEkbc5dIMccYLwbxsS4TUNeVECQ/pBJ0j09mrHOl/JJvpRPGwO9SvE4nR2Nb/a4Q==

"98.css@^0.1.21":
  version "0.1.21"
  resolved "https://registry.npmjs.org/98.css/-/98.css-0.1.21.tgz"
  integrity sha512-ddk5qtUWyapM0Bzd5jwGExoE5fdSEGrP+F5VbYjyZLf2c9UVmn6w2NPTvCsoD4BWdGsjdLjlkQGhWwWTJcYQJQ==

ansicolors@~0.2.1:
  version "0.2.1"
  resolved "https://registry.npmjs.org/ansicolors/-/ansicolors-0.2.1.tgz"
  integrity sha512-tOIuy1/SK/dr94ZA0ckDohKXNeBNqZ4us6PjMVLs5h1w2GBB6uPtOknp2+VF4F/zcy9LI70W+Z+pE2Soajky1w==

async@^2.6.0:
  version "2.6.4"
  resolved "https://registry.npmjs.org/async/-/async-2.6.4.tgz"
  integrity sha512-mzo5dfJYwAn29PeiJ0zvwTo04zj8HDJj0Mn8TD7sno7q12prdbnasKJHhkm2c1LgrhlJ0teaea8860oxi51mGA==
  dependencies:
    lodash "^4.17.14"

braces@^3.0.3:
  version "3.0.3"
  resolved "https://registry.npmjs.org/braces/-/braces-3.0.3.tgz"
  integrity sha512-yQbXgO/OSZVD2IsiLlro+7Hf6Q18EJrKSEsdoMzKePKXct3gvD8oLcOQdIzGupr5Fj+EDe8gO/lxc1BzfMpxvA==
  dependencies:
    fill-range "^7.1.1"

buffer-builder@^0.2.0:
  version "0.2.0"
  resolved "https://registry.npmjs.org/buffer-builder/-/buffer-builder-0.2.0.tgz"
  integrity sha512-7VPMEPuYznPSoR21NE1zvd2Xna6c/CloiZCfcMXR1Jny6PjX0N4Nsa38zcBFo/FMK+BlA+FLKbJCQ0i2yxp+Xg==

cardinal@^1.0.0:
  version "1.0.0"
  resolved "https://registry.npmjs.org/cardinal/-/cardinal-1.0.0.tgz"
  integrity sha512-INsuF4GyiFLk8C91FPokbKTc/rwHqV4JnfatVZ6GPhguP1qmkRWX2dp5tepYboYdPpGWisLVLI+KsXoXFPRSMg==
  dependencies:
    ansicolors "~0.2.1"
    redeyed "~1.0.0"

colorjs.io@^0.5.0:
  version "0.5.2"
  resolved "https://registry.npmjs.org/colorjs.io/-/colorjs.io-0.5.2.tgz"
  integrity sha512-twmVoizEW7ylZSN32OgKdXRmo1qg+wT5/6C3xu5b9QsWzSFAhHLn2xd8ro0diCsKfCj1RdaTP/nrcW+vAoQPIw==

csv-parse@^4.6.5:
  version "4.16.3"
  resolved "https://registry.npmjs.org/csv-parse/-/csv-parse-4.16.3.tgz"
  integrity sha512-cO1I/zmz4w2dcKHVvpCr7JVRu8/FymG5OEpmvsZYlccYolPBLoVGKUHgNoc4ZGkFeFlWGEDmMyBM+TTqRdW/wg==

debug@^4.3, debug@^4.3.4:
  version "4.4.0"
  resolved "https://registry.npmjs.org/debug/-/debug-4.4.0.tgz"
  integrity sha512-6WTZ/IxCY/T6BALoZHaE4ctp9xm+Z5kY/pzYaCHRFeyVhojxlrm+46y68HA6hr0TcwEssoxNiDEUJQjfPZ/RYA==
  dependencies:
    ms "^2.1.3"

deepmerge@^4.2.2:
  version "4.3.1"
  resolved "https://registry.npmjs.org/deepmerge/-/deepmerge-4.3.1.tgz"
  integrity sha512-3sUqbMEc77XqpdNO7FRyRog+eW3ph+GYCbj+rK+uYyRMuwsVy0rMiVtPn+QJlKFvWP/1PYpapqYn0Me2knFn+A==

detect-libc@^2.0.3:
  version "2.0.3"
  resolved "https://registry.npmjs.org/detect-libc/-/detect-libc-2.0.3.tgz"
  integrity sha512-bwy0MGW55bG41VqxxypOsdSdGqLwXPI/focwgTYCFMbdUiBAxLg9CFzG08sz2aqzknwiX7Hkl0bQENjg8iLByw==

dreamland@^0.0.25:
  version "0.0.25"
  resolved "https://registry.npmjs.org/dreamland/-/dreamland-0.0.25.tgz"
  integrity sha512-REhB1T/6do8R7nwa/B0+ie0tTWY97cLsfPwmmqSHOMCu2Qw+cVSWhqTDB1Boklqg9Z8qfRkmGU/rknu0R48QWw==

esbuild@^0.21.3:
  version "0.21.5"
  resolved "https://registry.npmjs.org/esbuild/-/esbuild-0.21.5.tgz"
  integrity sha512-mg3OPMV4hXywwpoDxu3Qda5xCKQi+vCTZq8S9J/EpkhB2HzKXq4SNFZE3+NK93JYxc8VMSep+lOUSC/RVKaBqw==
  optionalDependencies:
    "@esbuild/aix-ppc64" "0.21.5"
    "@esbuild/android-arm" "0.21.5"
    "@esbuild/android-arm64" "0.21.5"
    "@esbuild/android-x64" "0.21.5"
    "@esbuild/darwin-arm64" "0.21.5"
    "@esbuild/darwin-x64" "0.21.5"
    "@esbuild/freebsd-arm64" "0.21.5"
    "@esbuild/freebsd-x64" "0.21.5"
    "@esbuild/linux-arm" "0.21.5"
    "@esbuild/linux-arm64" "0.21.5"
    "@esbuild/linux-ia32" "0.21.5"
    "@esbuild/linux-loong64" "0.21.5"
    "@esbuild/linux-mips64el" "0.21.5"
    "@esbuild/linux-ppc64" "0.21.5"
    "@esbuild/linux-riscv64" "0.21.5"
    "@esbuild/linux-s390x" "0.21.5"
    "@esbuild/linux-x64" "0.21.5"
    "@esbuild/netbsd-x64" "0.21.5"
    "@esbuild/openbsd-x64" "0.21.5"
    "@esbuild/sunos-x64" "0.21.5"
    "@esbuild/win32-arm64" "0.21.5"
    "@esbuild/win32-ia32" "0.21.5"
    "@esbuild/win32-x64" "0.21.5"

esprima@~3.0.0:
  version "3.0.0"
  resolved "https://registry.npmjs.org/esprima/-/esprima-3.0.0.tgz"
  integrity sha512-xoBq/MIShSydNZOkjkoCEjqod963yHNXTLC40ypBhop6yPqflPz/vTinmCfSrGcywVLnSftRf6a0kJLdFdzemw==

estree-walker@^2.0.2:
  version "2.0.2"
  resolved "https://registry.npmjs.org/estree-walker/-/estree-walker-2.0.2.tgz"
  integrity sha512-Rfkk/Mp/DL7JVje3u18FxFujQlTNR2q6QfMSMB7AvCBx91NGj/ba3kCfza0f6dVDbw7YlRf/nDrn7pQrCCyQ/w==

fast-glob@^3.3.2:
  version "3.3.3"
  resolved "https://registry.npmjs.org/fast-glob/-/fast-glob-3.3.3.tgz"
  integrity sha512-7MptL8U0cqcFdzIzwOTHoilX9x5BrNqye7Z/LuC7kCMRio1EMSyqRK3BEAUD7sXRq4iT4AzTVuZdhgQ2TCvYLg==
  dependencies:
    "@nodelib/fs.stat" "^2.0.2"
    "@nodelib/fs.walk" "^1.2.3"
    glob-parent "^5.1.2"
    merge2 "^1.3.0"
    micromatch "^4.0.8"

fastq@^1.6.0:
  version "1.19.1"
  resolved "https://registry.npmjs.org/fastq/-/fastq-1.19.1.tgz"
  integrity sha512-GwLTyxkCXjXbxqIhTsMI2Nui8huMPtnxg7krajPJAjnEG/iiOS7i+zCtWGZR9G0NBKbXKh6X9m9UIsYX/N6vvQ==
  dependencies:
    reusify "^1.0.4"

fill-range@^7.1.1:
  version "7.1.1"
  resolved "https://registry.npmjs.org/fill-range/-/fill-range-7.1.1.tgz"
  integrity sha512-YsGpe3WHLK8ZYi4tWDg2Jy3ebRz2rXowDxnld4bkQB00cc/1Zw9AWnC0i9ztDJitivtQvaI9KaLyKrc+hBW0yg==
  dependencies:
    to-regex-range "^5.0.1"

fsevents@~2.3.2, fsevents@~2.3.3:
  version "2.3.3"
  resolved "https://registry.npmjs.org/fsevents/-/fsevents-2.3.3.tgz"
  integrity sha512-5xoDfX+fL7faATnagmWPpbFtwh/R77WmMMqqHGS65C3vvB0YHrgF+B1YmZ3441tMj5n63k0212XNoJwzlhffQw==

function-bind@^1.1.2:
  version "1.1.2"
  resolved "https://registry.npmjs.org/function-bind/-/function-bind-1.1.2.tgz"
  integrity sha512-7XHNxH7qX9xG5mIwxkhumTox/MIRNcOgDrxWsMt2pAr23WHp6MrRlN7FBSFpCpr+oVO0F744iUgR82nJMfG2SA==

glob-parent@^5.1.2:
  version "5.1.2"
  resolved "https://registry.npmjs.org/glob-parent/-/glob-parent-5.1.2.tgz"
  integrity sha512-AOIgSQCepiJYwP3ARnGx+5VnTu2HBYdzbGP45eLw1vr3zB3vZLeyed1sC9hnbcOc9/SrMyM5RPQrkGz4aS9Zow==
  dependencies:
    is-glob "^4.0.1"

has-flag@^4.0.0:
  version "4.0.0"
  resolved "https://registry.npmjs.org/has-flag/-/has-flag-4.0.0.tgz"
  integrity sha512-EykJT/Q1KjTWctppgIAgfSO0tKVuZUjhgMr17kqTumMl6Afv3EISleU7qZUzoXDFTAHTDC4NOoG/ZxU3EvlMPQ==

hasown@^2.0.2:
  version "2.0.2"
  resolved "https://registry.npmjs.org/hasown/-/hasown-2.0.2.tgz"
  integrity sha512-0hJU9SCPvmMzIBdZFqNPXWa6dqh7WdH0cII9y+CyS8rG3nL48Bclra9HmKhVVUHyPWNH5Y7xDwAB7bfgSjkUMQ==
  dependencies:
    function-bind "^1.1.2"

humanize@^0.0.9:
  version "0.0.9"
  resolved "https://registry.npmjs.org/humanize/-/humanize-0.0.9.tgz"
  integrity sha512-bvZZ7vXpr1RKoImjuQ45hJb5OvE2oJafHysiD/AL3nkqTZH2hFCjQ3YZfCd63FefDitbJze/ispUPP0gfDsT2Q==

immutable@^5.0.2:
  version "5.1.1"
  resolved "https://registry.npmjs.org/immutable/-/immutable-5.1.1.tgz"
  integrity sha512-3jatXi9ObIsPGr3N5hGw/vWWcTkq6hUYhpQz4k0wLC+owqWi/LiugIw9x0EdNZ2yGedKN/HzePiBvaJRXa0Ujg==

is-core-module@^2.16.0:
  version "2.16.1"
  resolved "https://registry.npmjs.org/is-core-module/-/is-core-module-2.16.1.tgz"
  integrity sha512-UfoeMA6fIJ8wTYFEUjelnaGI67v6+N7qXJEvQuIGa99l4xsCruSYOVSQ0uPANn4dAzm8lkYPaKLrrijLq7x23w==
  dependencies:
    hasown "^2.0.2"

is-extglob@^2.1.1:
  version "2.1.1"
  resolved "https://registry.npmjs.org/is-extglob/-/is-extglob-2.1.1.tgz"
  integrity sha512-SbKbANkN603Vi4jEZv49LeVJMn4yGwsbzZworEoyEiutsN3nJYdbO36zfhGJ6QEDpOZIFkDtnq5JRxmvl3jsoQ==

is-glob@^4.0.1:
  version "4.0.3"
  resolved "https://registry.npmjs.org/is-glob/-/is-glob-4.0.3.tgz"
  integrity sha512-xelSayHH36ZgE7ZWhli7pW34hNbNl8Ojv5KVmkJD4hBdD3th8Tfk9vYasLM+mXWOZhFkgZfxhLSnrwRr4elSSg==
  dependencies:
    is-extglob "^2.1.1"

is-module@^1.0.0:
  version "1.0.0"
  resolved "https://registry.npmjs.org/is-module/-/is-module-1.0.0.tgz"
  integrity sha512-51ypPSPCoTEIN9dy5Oy+h4pShgJmPCygKfyRCISBI+JoWT/2oJvK8QPxmwv7b/p239jXrm9M1mlQbyKJ5A152g==

is-number@^7.0.0:
  version "7.0.0"
  resolved "https://registry.npmjs.org/is-number/-/is-number-7.0.0.tgz"
  integrity sha512-41Cifkg6e8TylSpdtTpeLVMqvSBEVzTttHvERD741+pnZ8ANv0004MRL43QKPDlK9cGvNp6NZWZUBlbGXYxxng==

jquery-ui@^1.13.2:
  version "1.14.1"
  resolved "https://registry.npmjs.org/jquery-ui/-/jquery-ui-1.14.1.tgz"
  integrity sha512-DhzsYH8VeIvOaxwi+B/2BCsFFT5EGjShdzOcm5DssWjtcpGWIMsn66rJciDA6jBruzNiLf1q0KvwMoX1uGNvnQ==
  dependencies:
    jquery ">=1.12.0 <5.0.0"

"jquery@^1.7.0 || ^2 || ^3", "jquery@^1.7.0, ^2, ^3", jquery@^3.3.1, jquery@^3.7.1, "jquery@>=1.12.0 <5.0.0":
  version "3.7.1"
  resolved "https://registry.npmjs.org/jquery/-/jquery-3.7.1.tgz"
  integrity sha512-m4avr8yL8kmFN8psrbFFFmB/If14iN5o9nw/NgnnM+kybDJpRsAynV2BsfpTYrTRysYUdADVD7CkUUizgkpLfg==

lightningcss-darwin-arm64@1.29.2:
  version "1.29.2"
  resolved "https://registry.npmjs.org/lightningcss-darwin-arm64/-/lightningcss-darwin-arm64-1.29.2.tgz"
  integrity sha512-cK/eMabSViKn/PG8U/a7aCorpeKLMlK0bQeNHmdb7qUnBkNPnL+oV5DjJUo0kqWsJUapZsM4jCfYItbqBDvlcA==

lightningcss@^1.21.0:
  version "1.29.2"
  resolved "https://registry.npmjs.org/lightningcss/-/lightningcss-1.29.2.tgz"
  integrity sha512-6b6gd/RUXKaw5keVdSEtqFVdzWnU5jMxTUjA2bVcMNPLwSQ08Sv/UodBVtETLCn7k4S1Ibxwh7k68IwLZPgKaA==
  dependencies:
    detect-libc "^2.0.3"
  optionalDependencies:
    lightningcss-darwin-arm64 "1.29.2"
    lightningcss-darwin-x64 "1.29.2"
    lightningcss-freebsd-x64 "1.29.2"
    lightningcss-linux-arm-gnueabihf "1.29.2"
    lightningcss-linux-arm64-gnu "1.29.2"
    lightningcss-linux-arm64-musl "1.29.2"
    lightningcss-linux-x64-gnu "1.29.2"
    lightningcss-linux-x64-musl "1.29.2"
    lightningcss-win32-arm64-msvc "1.29.2"
    lightningcss-win32-x64-msvc "1.29.2"

lodash@^4.17.14:
  version "4.17.21"
  resolved "https://registry.npmjs.org/lodash/-/lodash-4.17.21.tgz"
  integrity sha512-v2kDEe57lecTulaDIuNTPy3Ry4gLGJ6Z1O3vE1krgXZNrsQ+LFTGHVxVjcXPs17LhbZVGedAJv8XZ1tvj5FvSg==

merge2@^1.3.0:
  version "1.4.1"
  resolved "https://registry.npmjs.org/merge2/-/merge2-1.4.1.tgz"
  integrity sha512-8q7VEgMJW4J8tcfVPy8g09NcQwZdbwFEqhe/WZkoIzjn/3TGDwtOCYtXGxA3O8tPzpczCCDgv+P2P5y00ZJOOg==

micromatch@^4.0.8:
  version "4.0.8"
  resolved "https://registry.npmjs.org/micromatch/-/micromatch-4.0.8.tgz"
  integrity sha512-PXwfBhYu0hBCPw8Dn0E+WDYb7af3dSLVWKi3HGv84IdF4TyFoC0ysxFd0Goxw7nSv4T/PzEJQxsYsEiFCKo2BA==
  dependencies:
    braces "^3.0.3"
    picomatch "^2.3.1"

microplugin@0.0.3:
  version "0.0.3"
  resolved "https://registry.npmjs.org/microplugin/-/microplugin-0.0.3.tgz"
  integrity sha512-3wKXex4/iyALV0GX2juow66J9dabkEMgHeZAihdLTaRTzm0N+RubXioNPpfIQDPuBRxr3JbjNt7B0Lr/3yE9yQ==

minimist@~0.0.1:
  version "0.0.10"
  resolved "https://registry.npmjs.org/minimist/-/minimist-0.0.10.tgz"
  integrity sha512-iotkTvxc+TwOm5Ieim8VnSNvCDjCK9S8G3scJ50ZthspSxa7jx50jkhYduuAtAjvfDUwSgOwf8+If99AlOEhyw==

ms@^2.1.3:
  version "2.1.3"
  resolved "https://registry.npmjs.org/ms/-/ms-2.1.3.tgz"
  integrity sha512-6FlzubTLZG3J2a/NVCAleEhjzq5oxgHyaCU9yYXvcLsvoVaHJq/s5xXI6/XXP6tz7R9xAOtHnSO/tXtF3WRTlA==

nanoid@^3.3.8:
  version "3.3.11"
  resolved "https://registry.npmjs.org/nanoid/-/nanoid-3.3.11.tgz"
  integrity sha512-N8SpfPUnUp1bK+PMYW8qSWdl9U+wwNWI4QKxOYDy9JAro3WMX7p2OeVRF9v+347pnakNevPmiHhNmZ2HbFA76w==

optimist@^0.6.1:
  version "0.6.1"
  resolved "https://registry.npmjs.org/optimist/-/optimist-0.6.1.tgz"
  integrity sha512-snN4O4TkigujZphWLN0E//nQmm7790RYaE53DdL7ZYwee2D8DDo9/EyYiKUfN3rneWUjhJnueija3G9I2i0h3g==
  dependencies:
    minimist "~0.0.1"
    wordwrap "~0.0.2"

path-parse@^1.0.7:
  version "1.0.7"
  resolved "https://registry.npmjs.org/path-parse/-/path-parse-1.0.7.tgz"
  integrity sha512-LDJzPVEEEPR+y48z93A0Ed0yXb8pAByGWo/k5YYdYgpY2/2EsOsksJrq7lOHxryrVOn1ejG6oAp8ahvOIQD8sw==

picocolors@^1.0.0, picocolors@^1.1.1:
  version "1.1.1"
  resolved "https://registry.npmjs.org/picocolors/-/picocolors-1.1.1.tgz"
  integrity sha512-xceH2snhtb5M9liqDsmEw56le376mTZkEX/jEb/RxNFyegNul7eNslCXP9FDj/Lcu0X8KEyMceP2ntpaHrDEVA==

picomatch@^2.3.1:
  version "2.3.1"
  resolved "https://registry.npmjs.org/picomatch/-/picomatch-2.3.1.tgz"
  integrity sha512-JU3teHTNjmE2VCGFzuY8EXzCDVwEqB2a8fsIvwaStHhAWJEeVd1o1QD80CU6+ZdEXXSLbSsuLwJjkCBWqRQUVA==

picomatch@^4.0.2:
  version "4.0.2"
  resolved "https://registry.npmjs.org/picomatch/-/picomatch-4.0.2.tgz"
  integrity sha512-M7BAV6Rlcy5u+m6oPhAPFgJTzAioX/6B0DxyvDlo9l8+T3nLKbrczg2WLUyzd45L8RqfUMyGPzekbMvX2Ldkwg==

postcss@^8.4.43:
  version "8.5.3"
  resolved "https://registry.npmjs.org/postcss/-/postcss-8.5.3.tgz"
  integrity sha512-dle9A3yYxlBSrt8Fu+IpjGT8SY8hN0mlaA6GY8t0P5PjIOZemULz/E2Bnm/2dcUOena75OTNkHI76uZBNUUq3A==
  dependencies:
    nanoid "^3.3.8"
    picocolors "^1.1.1"
    source-map-js "^1.2.1"

queue-microtask@^1.2.2:
  version "1.2.3"
  resolved "https://registry.npmjs.org/queue-microtask/-/queue-microtask-1.2.3.tgz"
  integrity sha512-NuaNSa6flKT5JaSYQzJok04JzTL1CA6aGhv5rfLW3PgqA+M2ChpZQnAC8h8i4ZFkBS8X5RqkDBHA7r4hej3K9A==

redeyed@~1.0.0:
  version "1.0.1"
  resolved "https://registry.npmjs.org/redeyed/-/redeyed-1.0.1.tgz"
  integrity sha512-8eEWsNCkV2rvwKLS1Cvp5agNjMhwRe2um+y32B2+3LqOzg4C9BBPs6vzAfV16Ivb8B9HPNKIqd8OrdBws8kNlQ==
  dependencies:
    esprima "~3.0.0"

resolve@^1.22.1:
  version "1.22.10"
  resolved "https://registry.npmjs.org/resolve/-/resolve-1.22.10.tgz"
  integrity sha512-NPRy+/ncIMeDlTAsuqwKIiferiawhefFJtkNSW0qZJEqMEb+qBt/77B/jGeeek+F0uOeN05CDa6HXbbIgtVX4w==
  dependencies:
    is-core-module "^2.16.0"
    path-parse "^1.0.7"
    supports-preserve-symlinks-flag "^1.0.0"

reusify@^1.0.4:
  version "1.1.0"
  resolved "https://registry.npmjs.org/reusify/-/reusify-1.1.0.tgz"
  integrity sha512-g6QUff04oZpHs0eG5p83rFLhHeV00ug/Yf9nZM6fLeUrPguBTkTQOdpAWWspMh55TZfVQDPaN3NQJfbVRAxdIw==

rollup-plugin-gzip@^3.1.0:
  version "3.1.2"
  resolved "https://registry.npmjs.org/rollup-plugin-gzip/-/rollup-plugin-gzip-3.1.2.tgz"
  integrity sha512-9xemMyvCjkklgNpu6jCYqQAbvCLJzA2nilkiOGzFuXTUX3cXEFMwIhsIBRF7kTKD/SnZ1tNPcxFm4m4zJ3VfNQ==

rollup@^1.20.0||^2.0.0||^3.0.0||^4.0.0, rollup@^2.78.0||^3.0.0||^4.0.0, rollup@^4.34.9, rollup@>=2.0.0:
  version "4.34.9"
  resolved "https://registry.npmjs.org/rollup/-/rollup-4.34.9.tgz"
  integrity sha512-nF5XYqWWp9hx/LrpC8sZvvvmq0TeTjQgaZHYmAgwysT9nh8sWnZhBnM8ZyVbbJFIQBLwHDNoMqsBZBbUo4U8sQ==
  dependencies:
    "@types/estree" "1.0.6"
  optionalDependencies:
    "@rollup/rollup-android-arm-eabi" "4.34.9"
    "@rollup/rollup-android-arm64" "4.34.9"
    "@rollup/rollup-darwin-arm64" "4.34.9"
    "@rollup/rollup-darwin-x64" "4.34.9"
    "@rollup/rollup-freebsd-arm64" "4.34.9"
    "@rollup/rollup-freebsd-x64" "4.34.9"
    "@rollup/rollup-linux-arm-gnueabihf" "4.34.9"
    "@rollup/rollup-linux-arm-musleabihf" "4.34.9"
    "@rollup/rollup-linux-arm64-gnu" "4.34.9"
    "@rollup/rollup-linux-arm64-musl" "4.34.9"
    "@rollup/rollup-linux-loongarch64-gnu" "4.34.9"
    "@rollup/rollup-linux-powerpc64le-gnu" "4.34.9"
    "@rollup/rollup-linux-riscv64-gnu" "4.34.9"
    "@rollup/rollup-linux-s390x-gnu" "4.34.9"
    "@rollup/rollup-linux-x64-gnu" "4.34.9"
    "@rollup/rollup-linux-x64-musl" "4.34.9"
    "@rollup/rollup-win32-arm64-msvc" "4.34.9"
    "@rollup/rollup-win32-ia32-msvc" "4.34.9"
    "@rollup/rollup-win32-x64-msvc" "4.34.9"
    fsevents "~2.3.2"

rollup@^4.20.0:
  version "4.40.0"
  resolved "https://registry.npmjs.org/rollup/-/rollup-4.40.0.tgz"
  integrity sha512-Noe455xmA96nnqH5piFtLobsGbCij7Tu+tb3c1vYjNbTkfzGqXqQXG3wJaYXkRZuQ0vEYN4bhwg7QnIrqB5B+w==
  dependencies:
    "@types/estree" "1.0.7"
  optionalDependencies:
    "@rollup/rollup-android-arm-eabi" "4.40.0"
    "@rollup/rollup-android-arm64" "4.40.0"
    "@rollup/rollup-darwin-arm64" "4.40.0"
    "@rollup/rollup-darwin-x64" "4.40.0"
    "@rollup/rollup-freebsd-arm64" "4.40.0"
    "@rollup/rollup-freebsd-x64" "4.40.0"
    "@rollup/rollup-linux-arm-gnueabihf" "4.40.0"
    "@rollup/rollup-linux-arm-musleabihf" "4.40.0"
    "@rollup/rollup-linux-arm64-gnu" "4.40.0"
    "@rollup/rollup-linux-arm64-musl" "4.40.0"
    "@rollup/rollup-linux-loongarch64-gnu" "4.40.0"
    "@rollup/rollup-linux-powerpc64le-gnu" "4.40.0"
    "@rollup/rollup-linux-riscv64-gnu" "4.40.0"
    "@rollup/rollup-linux-riscv64-musl" "4.40.0"
    "@rollup/rollup-linux-s390x-gnu" "4.40.0"
    "@rollup/rollup-linux-x64-gnu" "4.40.0"
    "@rollup/rollup-linux-x64-musl" "4.40.0"
    "@rollup/rollup-win32-arm64-msvc" "4.40.0"
    "@rollup/rollup-win32-ia32-msvc" "4.40.0"
    "@rollup/rollup-win32-x64-msvc" "4.40.0"
    fsevents "~2.3.2"

run-parallel@^1.1.9:
  version "1.2.0"
  resolved "https://registry.npmjs.org/run-parallel/-/run-parallel-1.2.0.tgz"
  integrity sha512-5l4VyZR86LZ/lDxZTR6jqL8AFE2S0IFLMP26AbjsLVADxHdhB/c0GUsH+y39UfCi3dzz8OlQuPmnaJOMoDHQBA==
  dependencies:
    queue-microtask "^1.2.2"

rxjs@^7.4.0:
  version "7.8.2"
  resolved "https://registry.npmjs.org/rxjs/-/rxjs-7.8.2.tgz"
  integrity sha512-dhKf903U/PQZY6boNNtAGdWbG85WAbjT/1xYoZIC7FAY0yWapOBQVsVrDl58W86//e1VpMNBtRV4MaXfdMySFA==
  dependencies:
    tslib "^2.1.0"

sass-embedded-darwin-arm64@1.86.3:
  version "1.86.3"
  resolved "https://registry.npmjs.org/sass-embedded-darwin-arm64/-/sass-embedded-darwin-arm64-1.86.3.tgz"
  integrity sha512-EgLwV4ORm5Hr0DmIXo0Xw/vlzwLnfAiqD2jDXIglkBsc5czJmo4/IBdGXOP65TRnsgJEqvbU3aQhuawX5++x9A==

sass-embedded@*, sass-embedded@^1.86.3:
  version "1.86.3"
  resolved "https://registry.npmjs.org/sass-embedded/-/sass-embedded-1.86.3.tgz"
  integrity sha512-3pZSp24ibO1hdopj+W9DuiWsZOb2YY6AFRo/jjutKLBkqJGM1nJjXzhAYfzRV+Xn5BX1eTI4bBTE09P0XNHOZg==
  dependencies:
    "@bufbuild/protobuf" "^2.0.0"
    buffer-builder "^0.2.0"
    colorjs.io "^0.5.0"
    immutable "^5.0.2"
    rxjs "^7.4.0"
    supports-color "^8.1.1"
    sync-child-process "^1.0.2"
    varint "^6.0.0"
  optionalDependencies:
    sass-embedded-android-arm "1.86.3"
    sass-embedded-android-arm64 "1.86.3"
    sass-embedded-android-ia32 "1.86.3"
    sass-embedded-android-riscv64 "1.86.3"
    sass-embedded-android-x64 "1.86.3"
    sass-embedded-darwin-arm64 "1.86.3"
    sass-embedded-darwin-x64 "1.86.3"
    sass-embedded-linux-arm "1.86.3"
    sass-embedded-linux-arm64 "1.86.3"
    sass-embedded-linux-ia32 "1.86.3"
    sass-embedded-linux-musl-arm "1.86.3"
    sass-embedded-linux-musl-arm64 "1.86.3"
    sass-embedded-linux-musl-ia32 "1.86.3"
    sass-embedded-linux-musl-riscv64 "1.86.3"
    sass-embedded-linux-musl-x64 "1.86.3"
    sass-embedded-linux-riscv64 "1.86.3"
    sass-embedded-linux-x64 "1.86.3"
    sass-embedded-win32-arm64 "1.86.3"
    sass-embedded-win32-ia32 "1.86.3"
    sass-embedded-win32-x64 "1.86.3"

select2@^4.1.0-rc.0:
  version "4.1.0-rc.0"
  resolved "https://registry.npmjs.org/select2/-/select2-4.1.0-rc.0.tgz"
  integrity sha512-Hr9TdhyHCZUtwznEH2CBf7967mEM0idtJ5nMtjvk3Up5tPukOLXbHUNmh10oRfeNIhj+3GD3niu+g6sVK+gK0A==

selectize@^0.12.6:
  version "0.12.6"
  resolved "https://registry.npmjs.org/selectize/-/selectize-0.12.6.tgz"
  integrity sha512-bWO5A7G+I8+QXyjLfQUgh31VI4WKYagUZQxAXlDyUmDDNrFxrASV0W9hxCOl0XJ/XQ1dZEu3G9HjXV4Wj0yb6w==
  dependencies:
    microplugin "0.0.3"
    sifter "^0.5.1"

sifter@^0.5.1:
  version "0.5.4"
  resolved "https://registry.npmjs.org/sifter/-/sifter-0.5.4.tgz"
  integrity sha512-t2yxTi/MM/ESup7XH5oMu8PUcttlekt269RqxARgnvS+7D/oP6RyA1x3M/5w8dG9OgkOyQ8hNRWelQ8Rj4TAQQ==
  dependencies:
    async "^2.6.0"
    cardinal "^1.0.0"
    csv-parse "^4.6.5"
    humanize "^0.0.9"
    optimist "^0.6.1"

source-map-js@^1.2.1:
  version "1.2.1"
  resolved "https://registry.npmjs.org/source-map-js/-/source-map-js-1.2.1.tgz"
  integrity sha512-UXWMKhLOwVKb728IUtQPXxfYU+usdybtUrK/8uGE8CQMvrhOpwvzDBwj0QhSL7MQc7vIsISBG8VQ8+IDQxpfQA==

stimulus-vite-helpers@^3.0.0:
  version "3.1.0"
  resolved "https://registry.npmjs.org/stimulus-vite-helpers/-/stimulus-vite-helpers-3.1.0.tgz"
  integrity sha512-qy9vnNnu6e/1PArEndp456BuSKLQkBgc+vX2pedOHT0N4GSLQY0l5fuQ4ft56xZ8xSWqrfuYSR+GXXIPtoESww==

supports-color@^8.1.1:
  version "8.1.1"
  resolved "https://registry.npmjs.org/supports-color/-/supports-color-8.1.1.tgz"
  integrity sha512-MpUEN2OodtUzxvKQl72cUF7RQ5EiHsGvSsVG0ia9c5RbWGL2CI4C7EpPS8UTBIplnlzZiNuV56w+FuNxy3ty2Q==
  dependencies:
    has-flag "^4.0.0"

supports-preserve-symlinks-flag@^1.0.0:
  version "1.0.0"
  resolved "https://registry.npmjs.org/supports-preserve-symlinks-flag/-/supports-preserve-symlinks-flag-1.0.0.tgz"
  integrity sha512-ot0WnXS9fgdkgIcePe6RHNk1WA8+muPa6cSjeR3V8K27q9BB1rTE3R1p7Hv0z1ZyAc8s6Vvv8DIyWf681MAt0w==

sync-child-process@^1.0.2:
  version "1.0.2"
  resolved "https://registry.npmjs.org/sync-child-process/-/sync-child-process-1.0.2.tgz"
  integrity sha512-8lD+t2KrrScJ/7KXCSyfhT3/hRq78rC0wBFqNJXv3mZyn6hW2ypM05JmlSvtqRbeq6jqA94oHbxAr2vYsJ8vDA==
  dependencies:
    sync-message-port "^1.0.0"

sync-message-port@^1.0.0:
  version "1.1.3"
  resolved "https://registry.npmjs.org/sync-message-port/-/sync-message-port-1.1.3.tgz"
  integrity sha512-GTt8rSKje5FilG+wEdfCkOcLL7LWqpMlr2c3LRuKt/YXxcJ52aGSbGBAdI4L3aaqfrBt6y711El53ItyH1NWzg==

to-regex-range@^5.0.1:
  version "5.0.1"
  resolved "https://registry.npmjs.org/to-regex-range/-/to-regex-range-5.0.1.tgz"
  integrity sha512-65P7iz6X5yEr1cwcgvQxbbIw7Uk3gOy5dIdtZ4rDveLqhrdJP+Li/Hx6tyK0NEb+2GCyneCMJiGqrADCSNk8sQ==
  dependencies:
    is-number "^7.0.0"

tslib@^2.1.0:
  version "2.8.1"
  resolved "https://registry.npmjs.org/tslib/-/tslib-2.8.1.tgz"
  integrity sha512-oJFu94HQb+KVduSUQL7wnpmqnfmLsOA/nAh6b6EH0wCEoK0/mPeXU6c3wKDV83MkOuHPRHtSXKKU99IBazS/2w==

vanilla-nested@^1.7.1:
  version "1.7.1"
  resolved "https://registry.npmjs.org/vanilla-nested/-/vanilla-nested-1.7.1.tgz"
  integrity sha512-z8nOa5n3bczhSno27TCABMc9qKjPcMP4iW6THqWxmtPZ8ZsFtoOl6XJGsqTvemkjSRpyFq4Zgqe7wZgCH9GHLw==

varint@^6.0.0:
  version "6.0.0"
  resolved "https://registry.npmjs.org/varint/-/varint-6.0.0.tgz"
  integrity sha512-cXEIW6cfr15lFv563k4GuVuW/fiwjknytD37jIOLSdSWuOI6WnO/oKwmP2FQTU2l01LP8/M5TSAJpzUaGe3uWg==

vite-plugin-environment@^1.1.3:
  version "1.1.3"
  resolved "https://registry.npmjs.org/vite-plugin-environment/-/vite-plugin-environment-1.1.3.tgz"
  integrity sha512-9LBhB0lx+2lXVBEWxFZC+WO7PKEyE/ykJ7EPWCq95NEcCpblxamTbs5Dm3DLBGzwODpJMEnzQywJU8fw6XGGGA==

vite-plugin-full-reload@^1.1.0:
  version "1.2.0"
  resolved "https://registry.npmjs.org/vite-plugin-full-reload/-/vite-plugin-full-reload-1.2.0.tgz"
  integrity sha512-kz18NW79x0IHbxRSHm0jttP4zoO9P9gXh+n6UTwlNKnviTTEpOlum6oS9SmecrTtSr+muHEn5TUuC75UovQzcA==
  dependencies:
    picocolors "^1.0.0"
    picomatch "^2.3.1"

vite-plugin-manifest-sri@^0.2.0:
  version "0.2.0"
  resolved "https://registry.npmjs.org/vite-plugin-manifest-sri/-/vite-plugin-manifest-sri-0.2.0.tgz"
  integrity sha512-Zt5jt19xTIJ91LOuQTCtNG7rTFc5OziAjBz2H5NdCGqaOD1nxrWExLhcKW+W4/q8/jOPCg/n5ncYEQmqCxiGQQ==

vite-plugin-rails@^0.5.0:
  version "0.5.0"
  resolved "https://registry.npmjs.org/vite-plugin-rails/-/vite-plugin-rails-0.5.0.tgz"
  integrity sha512-PR3zTHW96X8c7dRsuL2Mu1EAXXeO8fQjQ2KanwIC7EWgBST+D8AKjJyEUAr13IakrIYvd1cM3LcQUcrKmCMePg==
  dependencies:
    rollup-plugin-gzip "^3.1.0"
    vite-plugin-environment "^1.1.3"
    vite-plugin-full-reload "^1.1.0"
    vite-plugin-manifest-sri "^0.2.0"
    vite-plugin-ruby "^5.0.0"
    vite-plugin-stimulus-hmr "^3.0.0"

vite-plugin-ruby@^5.0.0, vite-plugin-ruby@^5.1.0:
  version "5.1.1"
  resolved "https://registry.npmjs.org/vite-plugin-ruby/-/vite-plugin-ruby-5.1.1.tgz"
  integrity sha512-I1dXJq2ywdvTD2Cz5LYNcYLujqQ3eUxPoCjruRdfm2QBtHBY15NEeb6x5HuPM3T5S+y8S3p9fwRsieQQCjk0gg==
  dependencies:
    debug "^4.3.4"
    fast-glob "^3.3.2"

vite-plugin-stimulus-hmr@^3.0.0:
  version "3.0.0"
  resolved "https://registry.npmjs.org/vite-plugin-stimulus-hmr/-/vite-plugin-stimulus-hmr-3.0.0.tgz"
  integrity sha512-KElOiZOlaG4XilQQHrzK8M1u5UfK4EFfADJKQYbnmsUMifDOnPR6anVYgHAN95QyWJ67Q/rYWe5BB9M5OxocfQ==
  dependencies:
    debug "^4.3"
    stimulus-vite-helpers "^3.0.0"

vite@^5.0.0, "vite@>= 2.7", vite@>=5.0.0:
  version "5.4.18"
  resolved "https://registry.npmjs.org/vite/-/vite-5.4.18.tgz"
  integrity sha512-1oDcnEp3lVyHCuQ2YFelM4Alm2o91xNoMncRm1U7S+JdYfYOvbiGZ3/CxGttrOu2M/KcGz7cRC2DoNUA6urmMA==
  dependencies:
    esbuild "^0.21.3"
    postcss "^8.4.43"
    rollup "^4.20.0"
  optionalDependencies:
    fsevents "~2.3.3"

wordwrap@~0.0.2:
  version "0.0.3"
  resolved "https://registry.npmjs.org/wordwrap/-/wordwrap-0.0.3.tgz"
  integrity sha512-1tMA907+V4QmxV7dbRvb4/8MaRALK6q9Abid3ndMYnbyo8piisCmeONVqVSXqQA3KaP4SLt5b7ud6E2sqP8TFw==
